
Microsoft Visual Studio Solution File, Format Version 12.00
# Visual Studio Version 17
VisualStudioVersion = 17.4.33205.214
MinimumVisualStudioVersion = 10.0.40219.1
Project("{9A19103F-16F7-4668-BE54-9A1E7A4F7556}") = "ExpenseTracker", "ExpenseTracker.csproj", "{C2F10EE6-7C42-4D57-8E8A-027C9B933F5A}"
EndProject
Project("{2150E333-8FDC-42A3-9474-1A3956D46DE8}") = "Solution Items", "Solution Items", "{97222A14-7B1E-4204-ACB1-CA8026DD95F7}"
	ProjectSection(SolutionItems) = preProject
		.editorconfig = .editorconfig
	EndProjectSection
EndProject
Global
	GlobalSection(SolutionConfigurationPlatforms) = preSolution
		Debug|Any CPU = Debug|Any CPU
		Release|Any CPU = Release|Any CPU
	EndGlobalSection
	GlobalSection(ProjectConfigurationPlatforms) = postSolution
		{C2F10EE6-7C42-4D57-8E8A-027C9B933F5A}.Debug|Any CPU.ActiveCfg = Debug|Any CPU
		{C2F10EE6-7C42-4D57-8E8A-027C9B933F5A}.Debug|Any CPU.Build.0 = Debug|Any CPU
		{C2F10EE6-7C42-4D57-8E8A-027C9B933F5A}.Release|Any CPU.ActiveCfg = Release|Any CPU
		{C2F10EE6-7C42-4D57-8E8A-027C9B933F5A}.Release|Any CPU.Build.0 = Release|Any CPU
	EndGlobalSection
	GlobalSection(SolutionProperties) = preSolution
		HideSolutionNode = FALSE
	EndGlobalSection
	GlobalSection(ExtensibilityGlobals) = postSolution
		SolutionGuid = {E88D6DFB-014D-4B71-BE3D-E08B785E9150}
	EndGlobalSection
EndGlobal
